{
  "name": "@shapeshift-labs/frontier-lang-swift",
  "version": "0.1.18",
  "lockfileVersion": 3,
  "requires": true,
  "packages": {
    "": {
      "name": "@shapeshift-labs/frontier-lang-swift",
      "version": "0.1.18",
      "license": "MIT",
      "dependencies": {
        "@shapeshift-labs/frontier-lang-compiler": "0.2.244"
      },
      "devDependencies": {
        "typescript": "^5.9.3"
      }
    },
    "node_modules/@babel/helper-string-parser": {
      "version": "7.29.7",
      "resolved": "https://registry.npmjs.org/@babel/helper-string-parser/-/helper-string-parser-7.29.7.tgz",
      "integrity": "sha512-Pb5ijPrZ89GDH8223L4UP8i6QApWxs04RbPQJTeWDV0/keR2E36MeKnyr6LYmUUvqRRI+Iv87SuF1W6ErINzYw==",
      "license": "MIT",
      "engines": {
        "node": ">=6.9.0"
      }
    },
    "node_modules/@babel/helper-validator-identifier": {
      "version": "7.29.7",
      "resolved": "https://registry.npmjs.org/@babel/helper-validator-identifier/-/helper-validator-identifier-7.29.7.tgz",
      "integrity": "sha512-qehxGkRj55h/ff8EMaJ+cYhyaKlHIxqYDn682wQD7RNp9UujOQsHog2uS0r2vzr4pW+sXf90NeeayjcNaX3fFg==",
      "license": "MIT",
      "engines": {
        "node": ">=6.9.0"
      }
    },
    "node_modules/@babel/parser": {
      "version": "7.29.7",
      "resolved": "https://registry.npmjs.org/@babel/parser/-/parser-7.29.7.tgz",
      "integrity": "sha512-hnORnjP/1P/zFEndoeX+n+t1RwWRJiJpM/jO7FW32Kn9r5+sJB2JWOdYo4L6k78j15eCwY3Gm/7364B1EMwtNg==",
      "license": "MIT",
      "dependencies": {
        "@babel/types": "^7.29.7"
      },
      "bin": {
        "parser": "bin/babel-parser.js"
      },
      "engines": {
        "node": ">=6.0.0"
      }
    },
    "node_modules/@babel/types": {
      "version": "7.29.7",
      "resolved": "https://registry.npmjs.org/@babel/types/-/types-7.29.7.tgz",
      "integrity": "sha512-4zBIxpPzowiZpusoFkyGVwakdRJUyuH5PxQ/PrqghfdFWWasvnCdPfQXHrenDai+gyLARulZjZowCOj6fjT4pA==",
      "license": "MIT",
      "dependencies": {
        "@babel/helper-string-parser": "^7.29.7",
        "@babel/helper-validator-identifier": "^7.29.7"
      },
      "engines": {
        "node": ">=6.9.0"
      }
    },
    "node_modules/@shapeshift-labs/frontier-lang-c": {
      "version": "0.2.9",
      "resolved": "https://registry.npmjs.org/@shapeshift-labs/frontier-lang-c/-/frontier-lang-c-0.2.9.tgz",
      "integrity": "sha512-AlgY5fQQSFiY0Uvo6AZCblSIlnLjR8YsKKd4wztQmckUDBuI//fPCBNa6liT8rFA/96eCRc9+50zcFCPwOdL8w==",
      "license": "MIT",
      "dependencies": {
        "@shapeshift-labs/frontier-lang-kernel": "0.3.12"
      }
    },
    "node_modules/@shapeshift-labs/frontier-lang-checker": {
      "version": "0.3.8",
      "resolved": "https://registry.npmjs.org/@shapeshift-labs/frontier-lang-checker/-/frontier-lang-checker-0.3.8.tgz",
      "integrity": "sha512-wEYlHAENsp9LvxfZzRckoTcsUU6A2cs/rFhD3A3dgn6S5cb0x62wxmyakO5QyMISkAdIUu64sSoJsSHCqzTjEQ==",
      "license": "MIT",
      "dependencies": {
        "@shapeshift-labs/frontier-lang-kernel": "0.3.12"
      }
    },
    "node_modules/@shapeshift-labs/frontier-lang-compiler": {
      "version": "0.2.244",
      "resolved": "https://registry.npmjs.org/@shapeshift-labs/frontier-lang-compiler/-/frontier-lang-compiler-0.2.244.tgz",
      "integrity": "sha512-w9mZiqw+nWpE3GtzeRenKUlEhvKZP34jntBVvS9/VWSgiknZMMJ0BIh8M2aDf/hWmSm09UN0WYq7KXPScwQuVA==",
      "license": "MIT",
      "dependencies": {
        "@shapeshift-labs/frontier-lang-c": "0.2.9",
        "@shapeshift-labs/frontier-lang-checker": "0.3.8",
        "@shapeshift-labs/frontier-lang-css": "0.1.40",
        "@shapeshift-labs/frontier-lang-html": "0.1.29",
        "@shapeshift-labs/frontier-lang-javascript": "0.2.9",
        "@shapeshift-labs/frontier-lang-jsx": "0.1.0",
        "@shapeshift-labs/frontier-lang-kernel": "0.3.12",
        "@shapeshift-labs/frontier-lang-package": "0.1.0",
        "@shapeshift-labs/frontier-lang-parser": "0.3.8",
        "@shapeshift-labs/frontier-lang-python": "0.2.9",
        "@shapeshift-labs/frontier-lang-rust": "0.2.10",
        "@shapeshift-labs/frontier-lang-svg": "0.1.0",
        "@shapeshift-labs/frontier-lang-typescript": "0.3.9",
        "@shapeshift-labs/frontier-runtime-proof": "0.1.6"
      }
    },
    "node_modules/@shapeshift-labs/frontier-lang-css": {
      "version": "0.1.40",
      "resolved": "https://registry.npmjs.org/@shapeshift-labs/frontier-lang-css/-/frontier-lang-css-0.1.40.tgz",
      "integrity": "sha512-b2+P8kWE20ScEqe27wkf1Ykrpel7l3v2pBQWxYiJeNqESyFA3G0l6CwGlCN7ostTj5JOAp2nScsWzmI8Ge7H2w==",
      "license": "MIT",
      "dependencies": {
        "@shapeshift-labs/frontier-lang-kernel": "0.3.12",
        "@shapeshift-labs/frontier-runtime-proof": "0.1.6",
        "postcss": "^8.5.15"
      }
    },
    "node_modules/@shapeshift-labs/frontier-lang-html": {
      "version": "0.1.29",
      "resolved": "https://registry.npmjs.org/@shapeshift-labs/frontier-lang-html/-/frontier-lang-html-0.1.29.tgz",
      "integrity": "sha512-0lAd/2vVCGqO+Yk/yjtXqGa3ZjIx2m1owEIDvLC8qmKDCXBUQgs8lm40CZ96VWqpU4/DYuONBkB+MTEHG1jt5g==",
      "license": "MIT",
      "dependencies": {
        "@shapeshift-labs/frontier-lang-kernel": "0.3.12",
        "@shapeshift-labs/frontier-runtime-proof": "0.1.6",
        "parse5": "^8.0.1"
      }
    },
    "node_modules/@shapeshift-labs/frontier-lang-javascript": {
      "version": "0.2.9",
      "resolved": "https://registry.npmjs.org/@shapeshift-labs/frontier-lang-javascript/-/frontier-lang-javascript-0.2.9.tgz",
      "integrity": "sha512-RyLDdy+IwZ/OHzggHZT2zkAajfeSa1EX9rkrVpCJXVjXx4Vhi3rtMM4fLCFMhuZDAcl4L4ctzoBlMTsNfUZ4kw==",
      "license": "MIT",
      "dependencies": {
        "@shapeshift-labs/frontier-lang-kernel": "0.3.12"
      }
    },
    "node_modules/@shapeshift-labs/frontier-lang-jsx": {
      "version": "0.1.0",
      "resolved": "https://registry.npmjs.org/@shapeshift-labs/frontier-lang-jsx/-/frontier-lang-jsx-0.1.0.tgz",
      "integrity": "sha512-AhIF3EHFCJrpoNIEpwOj+KNOLBzhRzH7A/1OzyVpuavBHZfs+5xVJ9H3Lzmh+R9qLRIvOCoVe8wP1rmR3GGchg==",
      "license": "MIT",
      "dependencies": {
        "@babel/parser": "^7.26.0",
        "@shapeshift-labs/frontier-lang-kernel": "0.3.12"
      }
    },
    "node_modules/@shapeshift-labs/frontier-lang-kernel": {
      "version": "0.3.12",
      "resolved": "https://registry.npmjs.org/@shapeshift-labs/frontier-lang-kernel/-/frontier-lang-kernel-0.3.12.tgz",
      "integrity": "sha512-A7qFH4A5ywTOsnyL4NwZC9ipZIV/YLTewOASmkc7vmoXgNn9k0/CTrq4wFMaCPTBSk38R4PP2a24qjL/wVGibw==",
      "license": "MIT"
    },
    "node_modules/@shapeshift-labs/frontier-lang-package": {
      "version": "0.1.0",
      "resolved": "https://registry.npmjs.org/@shapeshift-labs/frontier-lang-package/-/frontier-lang-package-0.1.0.tgz",
      "integrity": "sha512-+M3V9vO1fmbpvohVTEHyI1iMovr7m219Jca5u5bXbwmmcprxfau9HcGf+pv2IXI62ykHT46gJwpJwOn0VNhtHg==",
      "license": "MIT",
      "dependencies": {
        "@shapeshift-labs/frontier-lang-kernel": "0.3.12"
      }
    },
    "node_modules/@shapeshift-labs/frontier-lang-parser": {
      "version": "0.3.8",
      "resolved": "https://registry.npmjs.org/@shapeshift-labs/frontier-lang-parser/-/frontier-lang-parser-0.3.8.tgz",
      "integrity": "sha512-Y15ToBhFLdVFmahv6kUyjyxxBkCWnuk11p7Cq+fIwrb7+2lkUW3hcog4AZK9I2vwIA0WaMzeuolNZevNp1WBSw==",
      "license": "MIT",
      "dependencies": {
        "@shapeshift-labs/frontier-lang-kernel": "0.3.12"
      }
    },
    "node_modules/@shapeshift-labs/frontier-lang-python": {
      "version": "0.2.9",
      "resolved": "https://registry.npmjs.org/@shapeshift-labs/frontier-lang-python/-/frontier-lang-python-0.2.9.tgz",
      "integrity": "sha512-1iVsH4OBg/HovchsCsaK+pzpl8vMPQT4oBx+96HB6lVfq6qmsGM9HoP5ymbOp7W/LI3P67RHZJPjIjpSNBXwgQ==",
      "license": "MIT",
      "dependencies": {
        "@shapeshift-labs/frontier-lang-kernel": "0.3.12"
      }
    },
    "node_modules/@shapeshift-labs/frontier-lang-rust": {
      "version": "0.2.10",
      "resolved": "https://registry.npmjs.org/@shapeshift-labs/frontier-lang-rust/-/frontier-lang-rust-0.2.10.tgz",
      "integrity": "sha512-M3Umb9fgG6vx7PimaGoIxjche6dtbB1JB9I7w0gbNX0T6R5dtCbJw07ix+1rhpt1gfeo9pkK+4RjGk+2hsoseQ==",
      "license": "MIT",
      "dependencies": {
        "@shapeshift-labs/frontier-lang-kernel": "0.3.12"
      }
    },
    "node_modules/@shapeshift-labs/frontier-lang-svg": {
      "version": "0.1.0",
      "resolved": "https://registry.npmjs.org/@shapeshift-labs/frontier-lang-svg/-/frontier-lang-svg-0.1.0.tgz",
      "integrity": "sha512-TGtV1iXbi0G4vM+ZQ+98jHzoSRbUGJxOzQnP5OwCLGCRzTvcmHKCURmvisW2c162bce+/bIVfyFF7vPoW+36NQ==",
      "license": "MIT",
      "dependencies": {
        "@shapeshift-labs/frontier-lang-kernel": "0.3.12"
      }
    },
    "node_modules/@shapeshift-labs/frontier-lang-typescript": {
      "version": "0.3.9",
      "resolved": "https://registry.npmjs.org/@shapeshift-labs/frontier-lang-typescript/-/frontier-lang-typescript-0.3.9.tgz",
      "integrity": "sha512-Sv5sH+rpPYOFZ3olqM++7BQj7xNOb54JetvDC99km4nod+0W1O2iwALd+Zs/HbqegZdRjYp56QRwZF63SMnBlw==",
      "license": "MIT",
      "dependencies": {
        "@shapeshift-labs/frontier-lang-kernel": "0.3.12"
      }
    },
    "node_modules/@shapeshift-labs/frontier-runtime-proof": {
      "version": "0.1.6",
      "resolved": "https://registry.npmjs.org/@shapeshift-labs/frontier-runtime-proof/-/frontier-runtime-proof-0.1.6.tgz",
      "integrity": "sha512-qW+8DSUU+t80AwTY2UlstX99726iZjN4UOvUMasouoTOKiYBPSrDs3ZCd37VkPFKS+Xmglx8aQVS5hmqZ37SvQ==",
      "license": "MIT",
      "engines": {
        "node": ">=18"
      }
    },
    "node_modules/entities": {
      "version": "8.0.0",
      "resolved": "https://registry.npmjs.org/entities/-/entities-8.0.0.tgz",
      "integrity": "sha512-zwfzJecQ/Uej6tusMqwAqU/6KL2XaB2VZ2Jg54Je6ahNBGNH6Ek6g3jjNCF0fG9EWQKGZNddNjU5F1ZQn/sBnA==",
      "license": "BSD-2-Clause",
      "engines": {
        "node": ">=20.19.0"
      },
      "funding": {
        "url": "https://github.com/fb55/entities?sponsor=1"
      }
    },
    "node_modules/nanoid": {
      "version": "3.3.15",
      "resolved": "https://registry.npmjs.org/nanoid/-/nanoid-3.3.15.tgz",
      "integrity": "sha512-y7Wygv/7mEOvxTuEQDB8StXdMRBWf1kR/tlhAzBRUFkB2jfcLOAxO/SHmOO2zgz1pVgK29/kyupn059/bCHdjA==",
      "funding": [
        {
          "type": "github",
          "url": "https://github.com/sponsors/ai"
        }
      ],
      "license": "MIT",
      "bin": {
        "nanoid": "bin/nanoid.cjs"
      },
      "engines": {
        "node": "^10 || ^12 || ^13.7 || ^14 || >=15.0.1"
      }
    },
    "node_modules/parse5": {
      "version": "8.0.1",
      "resolved": "https://registry.npmjs.org/parse5/-/parse5-8.0.1.tgz",
      "integrity": "sha512-z1e/HMG90obSGeidlli3hj7cbocou0/wa5HacvI3ASx34PecNjNQeaHNo5WIZpWofN9kgkqV1q5YvXe3F0FoPw==",
      "license": "MIT",
      "dependencies": {
        "entities": "^8.0.0"
      },
      "funding": {
        "url": "https://github.com/inikulin/parse5?sponsor=1"
      }
    },
    "node_modules/picocolors": {
      "version": "1.1.1",
      "resolved": "https://registry.npmjs.org/picocolors/-/picocolors-1.1.1.tgz",
      "integrity": "sha512-xceH2snhtb5M9liqDsmEw56le376mTZkEX/jEb/RxNFyegNul7eNslCXP9FDj/Lcu0X8KEyMceP2ntpaHrDEVA==",
      "license": "ISC"
    },
    "node_modules/postcss": {
      "version": "8.5.16",
      "resolved": "https://registry.npmjs.org/postcss/-/postcss-8.5.16.tgz",
      "integrity": "sha512-vuwillviilfKZsg0VGj5R/YwwcHx4SLsIOI/7K6mQkWx+l5cUHTjj5g0AasTBcyXsbfTgrwsUNmVUb5xVwyPwg==",
      "funding": [
        {
          "type": "opencollective",
          "url": "https://opencollective.com/postcss/"
        },
        {
          "type": "tidelift",
          "url": "https://tidelift.com/funding/github/npm/postcss"
        },
        {
          "type": "github",
          "url": "https://github.com/sponsors/ai"
        }
      ],
      "license": "MIT",
      "dependencies": {
        "nanoid": "^3.3.12",
        "picocolors": "^1.1.1",
        "source-map-js": "^1.2.1"
      },
      "engines": {
        "node": "^10 || ^12 || >=14"
      }
    },
    "node_modules/source-map-js": {
      "version": "1.2.1",
      "resolved": "https://registry.npmjs.org/source-map-js/-/source-map-js-1.2.1.tgz",
      "integrity": "sha512-UXWMKhLOwVKb728IUtQPXxfYU+usdybtUrK/8uGE8CQMvrhOpwvzDBwj0QhSL7MQc7vIsISBG8VQ8+IDQxpfQA==",
      "license": "BSD-3-Clause",
      "engines": {
        "node": ">=0.10.0"
      }
    },
    "node_modules/typescript": {
      "version": "5.9.3",
      "resolved": "https://registry.npmjs.org/typescript/-/typescript-5.9.3.tgz",
      "integrity": "sha512-jl1vZzPDinLr9eUt3J/t7V6FgNEw9QjvBPdysz9KfQDD41fQrC2Y4vKQdiaUpFT4bXlb1RHhLpp8wtm6M5TgSw==",
      "dev": true,
      "license": "Apache-2.0",
      "bin": {
        "tsc": "bin/tsc",
        "tsserver": "bin/tsserver"
      },
      "engines": {
        "node": ">=14.17"
      }
    }
  }
}
