{
  "name": "@shapeshift-labs/frontier-lang-swift",
  "version": "0.1.12",
  "lockfileVersion": 3,
  "requires": true,
  "packages": {
    "": {
      "name": "@shapeshift-labs/frontier-lang-swift",
      "version": "0.1.12",
      "license": "MIT",
      "dependencies": {
        "@shapeshift-labs/frontier-lang-compiler": "0.2.70"
      },
      "devDependencies": {
        "typescript": "^5.9.3"
      }
    },
    "node_modules/@shapeshift-labs/frontier-lang-c": {
      "version": "0.2.8",
      "resolved": "https://registry.npmjs.org/@shapeshift-labs/frontier-lang-c/-/frontier-lang-c-0.2.8.tgz",
      "integrity": "sha512-6JeZvh/rK3WEuS1nVKWhTsgHYfauu4ArRoZSWu5I7NsZKHeeJUQwk743Ra/krA9131DUk/bD6V2De/6C5qi/TQ==",
      "license": "MIT",
      "dependencies": {
        "@shapeshift-labs/frontier-lang-kernel": "0.3.11"
      }
    },
    "node_modules/@shapeshift-labs/frontier-lang-checker": {
      "version": "0.3.7",
      "resolved": "https://registry.npmjs.org/@shapeshift-labs/frontier-lang-checker/-/frontier-lang-checker-0.3.7.tgz",
      "integrity": "sha512-tXs6Q5esY5trwXoiqVnARvaajajo3oCu+sLEwj0o1/eUSUVx2fgprT0502qcnnajWDxAZsQTnBLdinqmVuUdtw==",
      "license": "MIT",
      "dependencies": {
        "@shapeshift-labs/frontier-lang-kernel": "0.3.11"
      }
    },
    "node_modules/@shapeshift-labs/frontier-lang-compiler": {
      "version": "0.2.70",
      "resolved": "https://registry.npmjs.org/@shapeshift-labs/frontier-lang-compiler/-/frontier-lang-compiler-0.2.70.tgz",
      "integrity": "sha512-3aQ2IEI8GRMn6xf9yarZnQqtpwZd3++7RE5Bp9Hpykiohaxh/ahdx93KCL+S02lIzIBvTE8fK6jLofDSikcGgQ==",
      "license": "MIT",
      "dependencies": {
        "@shapeshift-labs/frontier-lang-c": "0.2.8",
        "@shapeshift-labs/frontier-lang-checker": "0.3.7",
        "@shapeshift-labs/frontier-lang-javascript": "0.2.8",
        "@shapeshift-labs/frontier-lang-kernel": "0.3.12",
        "@shapeshift-labs/frontier-lang-parser": "0.3.7",
        "@shapeshift-labs/frontier-lang-python": "0.2.8",
        "@shapeshift-labs/frontier-lang-rust": "0.2.8",
        "@shapeshift-labs/frontier-lang-typescript": "0.3.8"
      }
    },
    "node_modules/@shapeshift-labs/frontier-lang-compiler/node_modules/@shapeshift-labs/frontier-lang-kernel": {
      "version": "0.3.12",
      "resolved": "https://registry.npmjs.org/@shapeshift-labs/frontier-lang-kernel/-/frontier-lang-kernel-0.3.12.tgz",
      "integrity": "sha512-A7qFH4A5ywTOsnyL4NwZC9ipZIV/YLTewOASmkc7vmoXgNn9k0/CTrq4wFMaCPTBSk38R4PP2a24qjL/wVGibw==",
      "license": "MIT"
    },
    "node_modules/@shapeshift-labs/frontier-lang-javascript": {
      "version": "0.2.8",
      "resolved": "https://registry.npmjs.org/@shapeshift-labs/frontier-lang-javascript/-/frontier-lang-javascript-0.2.8.tgz",
      "integrity": "sha512-mwDby488B+w96V/rwet6FAnjKF6Tae4t1PxomVEiJ9/VBiBOKtNZxOWcUH23ZcObCzokNIbkxkO/Xv+VhONHKA==",
      "license": "MIT",
      "dependencies": {
        "@shapeshift-labs/frontier-lang-kernel": "0.3.11"
      }
    },
    "node_modules/@shapeshift-labs/frontier-lang-kernel": {
      "version": "0.3.11",
      "resolved": "https://registry.npmjs.org/@shapeshift-labs/frontier-lang-kernel/-/frontier-lang-kernel-0.3.11.tgz",
      "integrity": "sha512-GvZEkLrVfAhYxz4JayyyYgmN8VeOQl+fVYyMK7T79LWgOvQG8m8ShbKxLqF2dF3AtVBnNE5gg1RDaaeCuzGbAg==",
      "license": "MIT"
    },
    "node_modules/@shapeshift-labs/frontier-lang-parser": {
      "version": "0.3.7",
      "resolved": "https://registry.npmjs.org/@shapeshift-labs/frontier-lang-parser/-/frontier-lang-parser-0.3.7.tgz",
      "integrity": "sha512-gmJwAAbh77aFMIx9sDMgRfLTwOa0rphe+FHZXg7ORlfnxp1/P0yXzFj4BtK80751x+iZ/j1werHJ5gFpjxr+Hw==",
      "license": "MIT",
      "dependencies": {
        "@shapeshift-labs/frontier-lang-kernel": "0.3.11"
      }
    },
    "node_modules/@shapeshift-labs/frontier-lang-python": {
      "version": "0.2.8",
      "resolved": "https://registry.npmjs.org/@shapeshift-labs/frontier-lang-python/-/frontier-lang-python-0.2.8.tgz",
      "integrity": "sha512-wBD/Wa5bYEqLN26iWx7pP56S18uEFlKVFR2XjIAyQvq6iIrR02tjtotPjwnwri8+qp+Y0H63bNvBjIhSTsJirQ==",
      "license": "MIT",
      "dependencies": {
        "@shapeshift-labs/frontier-lang-kernel": "0.3.11"
      }
    },
    "node_modules/@shapeshift-labs/frontier-lang-rust": {
      "version": "0.2.8",
      "resolved": "https://registry.npmjs.org/@shapeshift-labs/frontier-lang-rust/-/frontier-lang-rust-0.2.8.tgz",
      "integrity": "sha512-ZJfJyiBS7YfVLpKBonTYtmPq3N9utPEDB2ACwKzr4WIViDfonDehhGQOXGQTbMnjSN0GfzdcaGMXYtNF3c7dXA==",
      "license": "MIT",
      "dependencies": {
        "@shapeshift-labs/frontier-lang-kernel": "0.3.11"
      }
    },
    "node_modules/@shapeshift-labs/frontier-lang-typescript": {
      "version": "0.3.8",
      "resolved": "https://registry.npmjs.org/@shapeshift-labs/frontier-lang-typescript/-/frontier-lang-typescript-0.3.8.tgz",
      "integrity": "sha512-IM86RuWt50gBxKxPWvhDJABgsZJYQJWwNnb9eBbTmKovNN658YZ2iUZAl4dNefXsStbO25NByvrUB1fVUzzzEA==",
      "license": "MIT",
      "dependencies": {
        "@shapeshift-labs/frontier-lang-kernel": "0.3.11"
      }
    },
    "node_modules/typescript": {
      "version": "5.9.3",
      "resolved": "https://registry.npmjs.org/typescript/-/typescript-5.9.3.tgz",
      "integrity": "sha512-jl1vZzPDinLr9eUt3J/t7V6FgNEw9QjvBPdysz9KfQDD41fQrC2Y4vKQdiaUpFT4bXlb1RHhLpp8wtm6M5TgSw==",
      "dev": true,
      "license": "Apache-2.0",
      "bin": {
        "tsc": "bin/tsc",
        "tsserver": "bin/tsserver"
      },
      "engines": {
        "node": ">=14.17"
      }
    }
  }
}
