{
  "name": "@shapeshift-labs/frontier-lang-swift",
  "version": "0.1.4",
  "lockfileVersion": 3,
  "requires": true,
  "packages": {
    "": {
      "name": "@shapeshift-labs/frontier-lang-swift",
      "version": "0.1.4",
      "license": "MIT",
      "dependencies": {
        "@shapeshift-labs/frontier-lang-compiler": "0.2.44"
      },
      "devDependencies": {
        "typescript": "^5.9.3"
      }
    },
    "node_modules/@shapeshift-labs/frontier-lang-c": {
      "version": "0.2.6",
      "resolved": "https://registry.npmjs.org/@shapeshift-labs/frontier-lang-c/-/frontier-lang-c-0.2.6.tgz",
      "integrity": "sha512-KqyqprlswLoVDiRyGSx0aHbzvwsySXFV2DSwLUfrMGClLb1N97GVykVO/4Rj6WOO7I7g+nBMbLDdLrMpzb7pyw==",
      "license": "MIT",
      "dependencies": {
        "@shapeshift-labs/frontier-lang-kernel": "0.3.9"
      }
    },
    "node_modules/@shapeshift-labs/frontier-lang-checker": {
      "version": "0.3.5",
      "resolved": "https://registry.npmjs.org/@shapeshift-labs/frontier-lang-checker/-/frontier-lang-checker-0.3.5.tgz",
      "integrity": "sha512-8jk3eOgon1pgFKKXp8XFnkg7WP2IL5h0oqWXkmpce/7xHOYWJ2j9ixPjJrr/c5mHFcxS+Db8NoT5dkK/WFJNyA==",
      "license": "MIT",
      "dependencies": {
        "@shapeshift-labs/frontier-lang-kernel": "0.3.9"
      }
    },
    "node_modules/@shapeshift-labs/frontier-lang-compiler": {
      "version": "0.2.44",
      "resolved": "https://registry.npmjs.org/@shapeshift-labs/frontier-lang-compiler/-/frontier-lang-compiler-0.2.44.tgz",
      "integrity": "sha512-durSy87a7EAVd6bKk3BzM5/0cKpUPWiKldyE37UGioIE53i2MdfhXEuD1ggBVIm4/4IwKd7Qg8FUXeTqbqrHaA==",
      "license": "MIT",
      "dependencies": {
        "@shapeshift-labs/frontier-lang-c": "0.2.6",
        "@shapeshift-labs/frontier-lang-checker": "0.3.5",
        "@shapeshift-labs/frontier-lang-javascript": "0.2.6",
        "@shapeshift-labs/frontier-lang-kernel": "0.3.9",
        "@shapeshift-labs/frontier-lang-parser": "0.3.5",
        "@shapeshift-labs/frontier-lang-python": "0.2.6",
        "@shapeshift-labs/frontier-lang-rust": "0.2.6",
        "@shapeshift-labs/frontier-lang-typescript": "0.3.6"
      }
    },
    "node_modules/@shapeshift-labs/frontier-lang-javascript": {
      "version": "0.2.6",
      "resolved": "https://registry.npmjs.org/@shapeshift-labs/frontier-lang-javascript/-/frontier-lang-javascript-0.2.6.tgz",
      "integrity": "sha512-oP19Qv9ONGNwzba4G1mMKInH8wnfqgvpq58NG9As0ltloAe8vFjtUNqTSjS1TCZXXWuZctYLnpRiR0yWkrarIA==",
      "license": "MIT",
      "dependencies": {
        "@shapeshift-labs/frontier-lang-kernel": "0.3.9"
      }
    },
    "node_modules/@shapeshift-labs/frontier-lang-kernel": {
      "version": "0.3.9",
      "resolved": "https://registry.npmjs.org/@shapeshift-labs/frontier-lang-kernel/-/frontier-lang-kernel-0.3.9.tgz",
      "integrity": "sha512-39Tp79gjuiCzp23Y52MNL3ECiTOSC77aJoIlnmr2SuK4/BBCNZFCbSJaIZ3lVoM6Gi0GK8c0CUFxym75r1bGbg==",
      "license": "MIT"
    },
    "node_modules/@shapeshift-labs/frontier-lang-parser": {
      "version": "0.3.5",
      "resolved": "https://registry.npmjs.org/@shapeshift-labs/frontier-lang-parser/-/frontier-lang-parser-0.3.5.tgz",
      "integrity": "sha512-rz3X+R1HY2Bg96OsMXY2Qh2s38JriC1YYEd6c+1IlXrRxxe+9Uq7VZpr6IecZK5VsIVRdWRR9QPn9Raw2hZkyQ==",
      "license": "MIT",
      "dependencies": {
        "@shapeshift-labs/frontier-lang-kernel": "0.3.9"
      }
    },
    "node_modules/@shapeshift-labs/frontier-lang-python": {
      "version": "0.2.6",
      "resolved": "https://registry.npmjs.org/@shapeshift-labs/frontier-lang-python/-/frontier-lang-python-0.2.6.tgz",
      "integrity": "sha512-U/pSgVPDNTTopVy2zTYecrL7WXNVUOei4Qf5JRoUKPcXFythNYMxpxuCI0faQ7a98b8Ax9rbMUJXfooDdyVjDA==",
      "license": "MIT",
      "dependencies": {
        "@shapeshift-labs/frontier-lang-kernel": "0.3.9"
      }
    },
    "node_modules/@shapeshift-labs/frontier-lang-rust": {
      "version": "0.2.6",
      "resolved": "https://registry.npmjs.org/@shapeshift-labs/frontier-lang-rust/-/frontier-lang-rust-0.2.6.tgz",
      "integrity": "sha512-/xJF6jViG6uaBF703bBqEHJTGWsHzBAIJrHpxMlN8HOrw+TOwXTAPwOG45aMZuN7Aq5X6et1GDj6SL/jxeuRag==",
      "license": "MIT",
      "dependencies": {
        "@shapeshift-labs/frontier-lang-kernel": "0.3.9"
      }
    },
    "node_modules/@shapeshift-labs/frontier-lang-typescript": {
      "version": "0.3.6",
      "resolved": "https://registry.npmjs.org/@shapeshift-labs/frontier-lang-typescript/-/frontier-lang-typescript-0.3.6.tgz",
      "integrity": "sha512-Mg+Uz1CtTqV5UzUQc3bkYLD8efGVQEU3jEAQitWjiAXcV+Aeq+Cxx/7uKEvtCrSUcubS/OayZUMt5muL7qN6Hg==",
      "license": "MIT",
      "dependencies": {
        "@shapeshift-labs/frontier-lang-kernel": "0.3.9"
      }
    },
    "node_modules/typescript": {
      "version": "5.9.3",
      "resolved": "https://registry.npmjs.org/typescript/-/typescript-5.9.3.tgz",
      "integrity": "sha512-jl1vZzPDinLr9eUt3J/t7V6FgNEw9QjvBPdysz9KfQDD41fQrC2Y4vKQdiaUpFT4bXlb1RHhLpp8wtm6M5TgSw==",
      "dev": true,
      "license": "Apache-2.0",
      "bin": {
        "tsc": "bin/tsc",
        "tsserver": "bin/tsserver"
      },
      "engines": {
        "node": ">=14.17"
      }
    }
  }
}
